
Microsoft Visual Studio Solution File, Format Version 12.00
# Visual Studio 14
VisualStudioVersion = 14.0.25420.1
MinimumVisualStudioVersion = 10.0.40219.1
Project("{FAE04EC0-301F-11D3-BF4B-00C04F79EFBC}") = "01-Caixa.AulaAspnet.Entidades", "Caixa.AulaAspnet.Entidades\01-Caixa.AulaAspnet.Entidades.csproj", "{DA72411C-2BF8-4236-8C45-C8B60E4FA3F6}"
EndProject
Project("{FAE04EC0-301F-11D3-BF4B-00C04F79EFBC}") = "05-Caixa.AulaAspnet.Dados", "Caixa.AulaAspnet.Dados\05-Caixa.AulaAspnet.Dados.csproj", "{B6014457-D9DB-4BD6-B94E-00D9A34DDAB5}"
EndProject
Project("{FAE04EC0-301F-11D3-BF4B-00C04F79EFBC}") = "99-Caixa.AulaAspnet.Web", "Caixa.AulaAspnet.Web\99-Caixa.AulaAspnet.Web.csproj", "{A4631D5D-B509-412F-80D6-0626E48D214B}"
EndProject
Global
	GlobalSection(SolutionConfigurationPlatforms) = preSolution
		Debug|Any CPU = Debug|Any CPU
		Release|Any CPU = Release|Any CPU
	EndGlobalSection
	GlobalSection(ProjectConfigurationPlatforms) = postSolution
		{DA72411C-2BF8-4236-8C45-C8B60E4FA3F6}.Debug|Any CPU.ActiveCfg = Debug|Any CPU
		{DA72411C-2BF8-4236-8C45-C8B60E4FA3F6}.Debug|Any CPU.Build.0 = Debug|Any CPU
		{DA72411C-2BF8-4236-8C45-C8B60E4FA3F6}.Release|Any CPU.ActiveCfg = Release|Any CPU
		{DA72411C-2BF8-4236-8C45-C8B60E4FA3F6}.Release|Any CPU.Build.0 = Release|Any CPU
		{B6014457-D9DB-4BD6-B94E-00D9A34DDAB5}.Debug|Any CPU.ActiveCfg = Debug|Any CPU
		{B6014457-D9DB-4BD6-B94E-00D9A34DDAB5}.Debug|Any CPU.Build.0 = Debug|Any CPU
		{B6014457-D9DB-4BD6-B94E-00D9A34DDAB5}.Release|Any CPU.ActiveCfg = Release|Any CPU
		{B6014457-D9DB-4BD6-B94E-00D9A34DDAB5}.Release|Any CPU.Build.0 = Release|Any CPU
		{A4631D5D-B509-412F-80D6-0626E48D214B}.Debug|Any CPU.ActiveCfg = Debug|Any CPU
		{A4631D5D-B509-412F-80D6-0626E48D214B}.Debug|Any CPU.Build.0 = Debug|Any CPU
		{A4631D5D-B509-412F-80D6-0626E48D214B}.Release|Any CPU.ActiveCfg = Release|Any CPU
		{A4631D5D-B509-412F-80D6-0626E48D214B}.Release|Any CPU.Build.0 = Release|Any CPU
	EndGlobalSection
	GlobalSection(SolutionProperties) = preSolution
		HideSolutionNode = FALSE
	EndGlobalSection
EndGlobal
